// !$*UTF8*$!
{
	archiveVersion = 1;
	classes = {
	};
	objectVersion = 46;
	objects = {

/* Begin PBXBuildFile section */
		162A71E511B1F79C00238224 /* NyxNetPipeTraceOutput_Impl.cpp in Sources */ = {isa = PBXBuildFile; fileRef = 162A71E311B1F79C00238224 /* NyxNetPipeTraceOutput_Impl.cpp */; };
		162A71E611B1F79C00238224 /* NyxNetPipeTraceOutput_Impl.hpp in Headers */ = {isa = PBXBuildFile; fileRef = 162A71E411B1F79C00238224 /* NyxNetPipeTraceOutput_Impl.hpp */; };
		16685D3A1359F1DB007AF4E1 /* NyxNet.hpp in Headers */ = {isa = PBXBuildFile; fileRef = 16685D271359F1DB007AF4E1 /* NyxNet.hpp */; };
		16685D3B1359F1DB007AF4E1 /* NyxNetConnection.hpp in Headers */ = {isa = PBXBuildFile; fileRef = 16685D281359F1DB007AF4E1 /* NyxNetConnection.hpp */; };
		16685D3C1359F1DB007AF4E1 /* NyxNetConnectionHandler.hpp in Headers */ = {isa = PBXBuildFile; fileRef = 16685D291359F1DB007AF4E1 /* NyxNetConnectionHandler.hpp */; };
		16685D3D1359F1DB007AF4E1 /* NyxNetModule.hpp in Headers */ = {isa = PBXBuildFile; fileRef = 16685D2A1359F1DB007AF4E1 /* NyxNetModule.hpp */; };
		16685D3E1359F1DB007AF4E1 /* NyxNetNxConnection.hpp in Headers */ = {isa = PBXBuildFile; fileRef = 16685D2B1359F1DB007AF4E1 /* NyxNetNxConnection.hpp */; };
		16685D3F1359F1DB007AF4E1 /* NyxNetNxConnectionHandler.hpp in Headers */ = {isa = PBXBuildFile; fileRef = 16685D2C1359F1DB007AF4E1 /* NyxNetNxConnectionHandler.hpp */; };
		16685D401359F1DB007AF4E1 /* NyxNetNxDataHeader.hpp in Headers */ = {isa = PBXBuildFile; fileRef = 16685D2D1359F1DB007AF4E1 /* NyxNetNxDataHeader.hpp */; };
		16685D411359F1DB007AF4E1 /* NyxNetNxStreamRW.hpp in Headers */ = {isa = PBXBuildFile; fileRef = 16685D2E1359F1DB007AF4E1 /* NyxNetNxStreamRW.hpp */; };
		16685D421359F1DB007AF4E1 /* NyxNetPipeServer.hpp in Headers */ = {isa = PBXBuildFile; fileRef = 16685D2F1359F1DB007AF4E1 /* NyxNetPipeServer.hpp */; };
		16685D431359F1DB007AF4E1 /* NyxNetPipeSocket.hpp in Headers */ = {isa = PBXBuildFile; fileRef = 16685D301359F1DB007AF4E1 /* NyxNetPipeSocket.hpp */; };
		16685D441359F1DB007AF4E1 /* NyxNetPipeSocketReader.hpp in Headers */ = {isa = PBXBuildFile; fileRef = 16685D311359F1DB007AF4E1 /* NyxNetPipeSocketReader.hpp */; };
		16685D451359F1DB007AF4E1 /* NyxNetPipeSocketWriter.hpp in Headers */ = {isa = PBXBuildFile; fileRef = 16685D321359F1DB007AF4E1 /* NyxNetPipeSocketWriter.hpp */; };
		16685D461359F1DB007AF4E1 /* NyxNetPipeTraceOutput.hpp in Headers */ = {isa = PBXBuildFile; fileRef = 16685D331359F1DB007AF4E1 /* NyxNetPipeTraceOutput.hpp */; };
		16685D471359F1DB007AF4E1 /* NyxNetServer.hpp in Headers */ = {isa = PBXBuildFile; fileRef = 16685D341359F1DB007AF4E1 /* NyxNetServer.hpp */; };
		16685D481359F1DB007AF4E1 /* NyxNetSocket.hpp in Headers */ = {isa = PBXBuildFile; fileRef = 16685D351359F1DB007AF4E1 /* NyxNetSocket.hpp */; };
		16685D491359F1DB007AF4E1 /* NyxNetSocketListener.hpp in Headers */ = {isa = PBXBuildFile; fileRef = 16685D361359F1DB007AF4E1 /* NyxNetSocketListener.hpp */; };
		16685D4A1359F1DB007AF4E1 /* NyxNetTcpIpServer.hpp in Headers */ = {isa = PBXBuildFile; fileRef = 16685D371359F1DB007AF4E1 /* NyxNetTcpIpServer.hpp */; };
		16685D4B1359F1DB007AF4E1 /* NyxNetTcpIpSocket.hpp in Headers */ = {isa = PBXBuildFile; fileRef = 16685D381359F1DB007AF4E1 /* NyxNetTcpIpSocket.hpp */; };
		16685D4C1359F1DB007AF4E1 /* NyxNetTypes.hpp in Headers */ = {isa = PBXBuildFile; fileRef = 16685D391359F1DB007AF4E1 /* NyxNetTypes.hpp */; };
		168C582910D54D4C001FB07F /* NyxNetNxConnection_Impl.cpp in Sources */ = {isa = PBXBuildFile; fileRef = 168C582710D54D4C001FB07F /* NyxNetNxConnection_Impl.cpp */; };
		168C582A10D54D4C001FB07F /* NyxNetNxConnection_Impl.hpp in Headers */ = {isa = PBXBuildFile; fileRef = 168C582810D54D4C001FB07F /* NyxNetNxConnection_Impl.hpp */; };
		168C583110D54D63001FB07F /* NyxNetPipeSocketReader_Impl.cpp in Sources */ = {isa = PBXBuildFile; fileRef = 168C582B10D54D63001FB07F /* NyxNetPipeSocketReader_Impl.cpp */; };
		168C583210D54D63001FB07F /* NyxNetPipeSocketReader_Impl.hpp in Headers */ = {isa = PBXBuildFile; fileRef = 168C582C10D54D63001FB07F /* NyxNetPipeSocketReader_Impl.hpp */; };
		168C583310D54D63001FB07F /* NyxNetPipeSocketWriter_Impl.cpp in Sources */ = {isa = PBXBuildFile; fileRef = 168C582D10D54D63001FB07F /* NyxNetPipeSocketWriter_Impl.cpp */; };
		168C583410D54D63001FB07F /* NyxNetPipeSocketWriter_Impl.hpp in Headers */ = {isa = PBXBuildFile; fileRef = 168C582E10D54D63001FB07F /* NyxNetPipeSocketWriter_Impl.hpp */; };
		168C583510D54D63001FB07F /* NyxNetTcpIpSocket_Impl.cpp in Sources */ = {isa = PBXBuildFile; fileRef = 168C582F10D54D63001FB07F /* NyxNetTcpIpSocket_Impl.cpp */; };
		168C583610D54D63001FB07F /* NyxNetTcpIpSocket_Impl.hpp in Headers */ = {isa = PBXBuildFile; fileRef = 168C583010D54D63001FB07F /* NyxNetTcpIpSocket_Impl.hpp */; };
		168C584310D54D7F001FB07F /* NyxNetModule_Impl.cpp in Sources */ = {isa = PBXBuildFile; fileRef = 168C583710D54D7F001FB07F /* NyxNetModule_Impl.cpp */; };
		168C584410D54D7F001FB07F /* NyxNetModule_Impl.hpp in Headers */ = {isa = PBXBuildFile; fileRef = 168C583810D54D7F001FB07F /* NyxNetModule_Impl.hpp */; };
		168C584710D54D7F001FB07F /* NyxNetPipeClientConn.cpp in Sources */ = {isa = PBXBuildFile; fileRef = 168C583B10D54D7F001FB07F /* NyxNetPipeClientConn.cpp */; };
		168C584810D54D7F001FB07F /* NyxNetPipeClientConn.hpp in Headers */ = {isa = PBXBuildFile; fileRef = 168C583C10D54D7F001FB07F /* NyxNetPipeClientConn.hpp */; };
		168C584910D54D7F001FB07F /* NyxNetPipeServer_Impl.cpp in Sources */ = {isa = PBXBuildFile; fileRef = 168C583D10D54D7F001FB07F /* NyxNetPipeServer_Impl.cpp */; };
		168C584A10D54D7F001FB07F /* NyxNetPipeServer_Impl.hpp in Headers */ = {isa = PBXBuildFile; fileRef = 168C583E10D54D7F001FB07F /* NyxNetPipeServer_Impl.hpp */; };
		168C584B10D54D7F001FB07F /* NyxNetTcpIpClientConn.cpp in Sources */ = {isa = PBXBuildFile; fileRef = 168C583F10D54D7F001FB07F /* NyxNetTcpIpClientConn.cpp */; };
		168C584C10D54D7F001FB07F /* NyxNetTcpIpClientConn.hpp in Headers */ = {isa = PBXBuildFile; fileRef = 168C584010D54D7F001FB07F /* NyxNetTcpIpClientConn.hpp */; };
		168C584D10D54D7F001FB07F /* NyxNetTcpIpServer_Impl.cpp in Sources */ = {isa = PBXBuildFile; fileRef = 168C584110D54D7F001FB07F /* NyxNetTcpIpServer_Impl.cpp */; };
		168C584E10D54D7F001FB07F /* NyxNetTcpIpServer_Impl.hpp in Headers */ = {isa = PBXBuildFile; fileRef = 168C584210D54D7F001FB07F /* NyxNetTcpIpServer_Impl.hpp */; };
/* End PBXBuildFile section */

/* Begin PBXFileReference section */
		162A71E311B1F79C00238224 /* NyxNetPipeTraceOutput_Impl.cpp */ = {isa = PBXFileReference; fileEncoding = 4; lastKnownFileType = sourcecode.cpp.cpp; name = NyxNetPipeTraceOutput_Impl.cpp; path = ../Source/NyxNetPipeTraceOutput_Impl.cpp; sourceTree = SOURCE_ROOT; };
		162A71E411B1F79C00238224 /* NyxNetPipeTraceOutput_Impl.hpp */ = {isa = PBXFileReference; fileEncoding = 4; lastKnownFileType = sourcecode.cpp.h; name = NyxNetPipeTraceOutput_Impl.hpp; path = ../Source/NyxNetPipeTraceOutput_Impl.hpp; sourceTree = SOURCE_ROOT; };
		16685D271359F1DB007AF4E1 /* NyxNet.hpp */ = {isa = PBXFileReference; fileEncoding = 4; lastKnownFileType = sourcecode.cpp.h; name = NyxNet.hpp; path = ../../include/NyxNet/NyxNet.hpp; sourceTree = "<group>"; };
		16685D281359F1DB007AF4E1 /* NyxNetConnection.hpp */ = {isa = PBXFileReference; fileEncoding = 4; lastKnownFileType = sourcecode.cpp.h; name = NyxNetConnection.hpp; path = ../../include/NyxNet/NyxNetConnection.hpp; sourceTree = "<group>"; };
		16685D291359F1DB007AF4E1 /* NyxNetConnectionHandler.hpp */ = {isa = PBXFileReference; fileEncoding = 4; lastKnownFileType = sourcecode.cpp.h; name = NyxNetConnectionHandler.hpp; path = ../../include/NyxNet/NyxNetConnectionHandler.hpp; sourceTree = "<group>"; };
		16685D2A1359F1DB007AF4E1 /* NyxNetModule.hpp */ = {isa = PBXFileReference; fileEncoding = 4; lastKnownFileType = sourcecode.cpp.h; name = NyxNetModule.hpp; path = ../../include/NyxNet/NyxNetModule.hpp; sourceTree = "<group>"; };
		16685D2B1359F1DB007AF4E1 /* NyxNetNxConnection.hpp */ = {isa = PBXFileReference; fileEncoding = 4; lastKnownFileType = sourcecode.cpp.h; name = NyxNetNxConnection.hpp; path = ../../include/NyxNet/NyxNetNxConnection.hpp; sourceTree = "<group>"; };
		16685D2C1359F1DB007AF4E1 /* NyxNetNxConnectionHandler.hpp */ = {isa = PBXFileReference; fileEncoding = 4; lastKnownFileType = sourcecode.cpp.h; name = NyxNetNxConnectionHandler.hpp; path = ../../include/NyxNet/NyxNetNxConnectionHandler.hpp; sourceTree = "<group>"; };
		16685D2D1359F1DB007AF4E1 /* NyxNetNxDataHeader.hpp */ = {isa = PBXFileReference; fileEncoding = 4; lastKnownFileType = sourcecode.cpp.h; name = NyxNetNxDataHeader.hpp; path = ../../include/NyxNet/NyxNetNxDataHeader.hpp; sourceTree = "<group>"; };
		16685D2E1359F1DB007AF4E1 /* NyxNetNxStreamRW.hpp */ = {isa = PBXFileReference; fileEncoding = 4; lastKnownFileType = sourcecode.cpp.h; name = NyxNetNxStreamRW.hpp; path = ../../include/NyxNet/NyxNetNxStreamRW.hpp; sourceTree = "<group>"; };
		16685D2F1359F1DB007AF4E1 /* NyxNetPipeServer.hpp */ = {isa = PBXFileReference; fileEncoding = 4; lastKnownFileType = sourcecode.cpp.h; name = NyxNetPipeServer.hpp; path = ../../include/NyxNet/NyxNetPipeServer.hpp; sourceTree = "<group>"; };
		16685D301359F1DB007AF4E1 /* NyxNetPipeSocket.hpp */ = {isa = PBXFileReference; fileEncoding = 4; lastKnownFileType = sourcecode.cpp.h; name = NyxNetPipeSocket.hpp; path = ../../include/NyxNet/NyxNetPipeSocket.hpp; sourceTree = "<group>"; };
		16685D311359F1DB007AF4E1 /* NyxNetPipeSocketReader.hpp */ = {isa = PBXFileReference; fileEncoding = 4; lastKnownFileType = sourcecode.cpp.h; name = NyxNetPipeSocketReader.hpp; path = ../../include/NyxNet/NyxNetPipeSocketReader.hpp; sourceTree = "<group>"; };
		16685D321359F1DB007AF4E1 /* NyxNetPipeSocketWriter.hpp */ = {isa = PBXFileReference; fileEncoding = 4; lastKnownFileType = sourcecode.cpp.h; name = NyxNetPipeSocketWriter.hpp; path = ../../include/NyxNet/NyxNetPipeSocketWriter.hpp; sourceTree = "<group>"; };
		16685D331359F1DB007AF4E1 /* NyxNetPipeTraceOutput.hpp */ = {isa = PBXFileReference; fileEncoding = 4; lastKnownFileType = sourcecode.cpp.h; name = NyxNetPipeTraceOutput.hpp; path = ../../include/NyxNet/NyxNetPipeTraceOutput.hpp; sourceTree = "<group>"; };
		16685D341359F1DB007AF4E1 /* NyxNetServer.hpp */ = {isa = PBXFileReference; fileEncoding = 4; lastKnownFileType = sourcecode.cpp.h; name = NyxNetServer.hpp; path = ../../include/NyxNet/NyxNetServer.hpp; sourceTree = "<group>"; };
		16685D351359F1DB007AF4E1 /* NyxNetSocket.hpp */ = {isa = PBXFileReference; fileEncoding = 4; lastKnownFileType = sourcecode.cpp.h; name = NyxNetSocket.hpp; path = ../../include/NyxNet/NyxNetSocket.hpp; sourceTree = "<group>"; };
		16685D361359F1DB007AF4E1 /* NyxNetSocketListener.hpp */ = {isa = PBXFileReference; fileEncoding = 4; lastKnownFileType = sourcecode.cpp.h; name = NyxNetSocketListener.hpp; path = ../../include/NyxNet/NyxNetSocketListener.hpp; sourceTree = "<group>"; };
		16685D371359F1DB007AF4E1 /* NyxNetTcpIpServer.hpp */ = {isa = PBXFileReference; fileEncoding = 4; lastKnownFileType = sourcecode.cpp.h; name = NyxNetTcpIpServer.hpp; path = ../../include/NyxNet/NyxNetTcpIpServer.hpp; sourceTree = "<group>"; };
		16685D381359F1DB007AF4E1 /* NyxNetTcpIpSocket.hpp */ = {isa = PBXFileReference; fileEncoding = 4; lastKnownFileType = sourcecode.cpp.h; name = NyxNetTcpIpSocket.hpp; path = ../../include/NyxNet/NyxNetTcpIpSocket.hpp; sourceTree = "<group>"; };
		16685D391359F1DB007AF4E1 /* NyxNetTypes.hpp */ = {isa = PBXFileReference; fileEncoding = 4; lastKnownFileType = sourcecode.cpp.h; name = NyxNetTypes.hpp; path = ../../include/NyxNet/NyxNetTypes.hpp; sourceTree = "<group>"; };
		168C582710D54D4C001FB07F /* NyxNetNxConnection_Impl.cpp */ = {isa = PBXFileReference; fileEncoding = 4; lastKnownFileType = sourcecode.cpp.cpp; name = NyxNetNxConnection_Impl.cpp; path = ../Source/NyxNetNxConnection_Impl.cpp; sourceTree = SOURCE_ROOT; };
		168C582810D54D4C001FB07F /* NyxNetNxConnection_Impl.hpp */ = {isa = PBXFileReference; fileEncoding = 4; lastKnownFileType = sourcecode.cpp.h; name = NyxNetNxConnection_Impl.hpp; path = ../Source/NyxNetNxConnection_Impl.hpp; sourceTree = SOURCE_ROOT; };
		168C582B10D54D63001FB07F /* NyxNetPipeSocketReader_Impl.cpp */ = {isa = PBXFileReference; fileEncoding = 4; lastKnownFileType = sourcecode.cpp.cpp; name = NyxNetPipeSocketReader_Impl.cpp; path = Source/NyxNetPipeSocketReader_Impl.cpp; sourceTree = "<group>"; };
		168C582C10D54D63001FB07F /* NyxNetPipeSocketReader_Impl.hpp */ = {isa = PBXFileReference; fileEncoding = 4; lastKnownFileType = sourcecode.cpp.h; name = NyxNetPipeSocketReader_Impl.hpp; path = Source/NyxNetPipeSocketReader_Impl.hpp; sourceTree = "<group>"; };
		168C582D10D54D63001FB07F /* NyxNetPipeSocketWriter_Impl.cpp */ = {isa = PBXFileReference; fileEncoding = 4; lastKnownFileType = sourcecode.cpp.cpp; name = NyxNetPipeSocketWriter_Impl.cpp; path = Source/NyxNetPipeSocketWriter_Impl.cpp; sourceTree = "<group>"; };
		168C582E10D54D63001FB07F /* NyxNetPipeSocketWriter_Impl.hpp */ = {isa = PBXFileReference; fileEncoding = 4; lastKnownFileType = sourcecode.cpp.h; name = NyxNetPipeSocketWriter_Impl.hpp; path = Source/NyxNetPipeSocketWriter_Impl.hpp; sourceTree = "<group>"; };
		168C582F10D54D63001FB07F /* NyxNetTcpIpSocket_Impl.cpp */ = {isa = PBXFileReference; fileEncoding = 4; lastKnownFileType = sourcecode.cpp.cpp; name = NyxNetTcpIpSocket_Impl.cpp; path = Source/NyxNetTcpIpSocket_Impl.cpp; sourceTree = "<group>"; };
		168C583010D54D63001FB07F /* NyxNetTcpIpSocket_Impl.hpp */ = {isa = PBXFileReference; fileEncoding = 4; lastKnownFileType = sourcecode.cpp.h; name = NyxNetTcpIpSocket_Impl.hpp; path = Source/NyxNetTcpIpSocket_Impl.hpp; sourceTree = "<group>"; };
		168C583710D54D7F001FB07F /* NyxNetModule_Impl.cpp */ = {isa = PBXFileReference; fileEncoding = 4; lastKnownFileType = sourcecode.cpp.cpp; name = NyxNetModule_Impl.cpp; path = Source/NyxNetModule_Impl.cpp; sourceTree = "<group>"; };
		168C583810D54D7F001FB07F /* NyxNetModule_Impl.hpp */ = {isa = PBXFileReference; fileEncoding = 4; lastKnownFileType = sourcecode.cpp.h; name = NyxNetModule_Impl.hpp; path = Source/NyxNetModule_Impl.hpp; sourceTree = "<group>"; };
		168C583B10D54D7F001FB07F /* NyxNetPipeClientConn.cpp */ = {isa = PBXFileReference; fileEncoding = 4; lastKnownFileType = sourcecode.cpp.cpp; name = NyxNetPipeClientConn.cpp; path = Source/NyxNetPipeClientConn.cpp; sourceTree = "<group>"; };
		168C583C10D54D7F001FB07F /* NyxNetPipeClientConn.hpp */ = {isa = PBXFileReference; fileEncoding = 4; lastKnownFileType = sourcecode.cpp.h; name = NyxNetPipeClientConn.hpp; path = Source/NyxNetPipeClientConn.hpp; sourceTree = "<group>"; };
		168C583D10D54D7F001FB07F /* NyxNetPipeServer_Impl.cpp */ = {isa = PBXFileReference; fileEncoding = 4; lastKnownFileType = sourcecode.cpp.cpp; name = NyxNetPipeServer_Impl.cpp; path = Source/NyxNetPipeServer_Impl.cpp; sourceTree = "<group>"; };
		168C583E10D54D7F001FB07F /* NyxNetPipeServer_Impl.hpp */ = {isa = PBXFileReference; fileEncoding = 4; lastKnownFileType = sourcecode.cpp.h; name = NyxNetPipeServer_Impl.hpp; path = Source/NyxNetPipeServer_Impl.hpp; sourceTree = "<group>"; };
		168C583F10D54D7F001FB07F /* NyxNetTcpIpClientConn.cpp */ = {isa = PBXFileReference; fileEncoding = 4; lastKnownFileType = sourcecode.cpp.cpp; name = NyxNetTcpIpClientConn.cpp; path = Source/NyxNetTcpIpClientConn.cpp; sourceTree = "<group>"; };
		168C584010D54D7F001FB07F /* NyxNetTcpIpClientConn.hpp */ = {isa = PBXFileReference; fileEncoding = 4; lastKnownFileType = sourcecode.cpp.h; name = NyxNetTcpIpClientConn.hpp; path = Source/NyxNetTcpIpClientConn.hpp; sourceTree = "<group>"; };
		168C584110D54D7F001FB07F /* NyxNetTcpIpServer_Impl.cpp */ = {isa = PBXFileReference; fileEncoding = 4; lastKnownFileType = sourcecode.cpp.cpp; name = NyxNetTcpIpServer_Impl.cpp; path = Source/NyxNetTcpIpServer_Impl.cpp; sourceTree = "<group>"; };
		168C584210D54D7F001FB07F /* NyxNetTcpIpServer_Impl.hpp */ = {isa = PBXFileReference; fileEncoding = 4; lastKnownFileType = sourcecode.cpp.h; name = NyxNetTcpIpServer_Impl.hpp; path = Source/NyxNetTcpIpServer_Impl.hpp; sourceTree = "<group>"; };
		D2AAC046055464E500DB518D /* libNyxNet.a */ = {isa = PBXFileReference; explicitFileType = archive.ar; includeInIndex = 0; path = libNyxNet.a; sourceTree = BUILT_PRODUCTS_DIR; };
/* End PBXFileReference section */

/* Begin PBXFrameworksBuildPhase section */
		D289987405E68DCB004EDB86 /* Frameworks */ = {
			isa = PBXFrameworksBuildPhase;
			buildActionMask = 2147483647;
			files = (
			);
			runOnlyForDeploymentPostprocessing = 0;
		};
/* End PBXFrameworksBuildPhase section */

/* Begin PBXGroup section */
		08FB7794FE84155DC02AAC07 /* NyxNet */ = {
			isa = PBXGroup;
			children = (
				16685D251359F16F007AF4E1 /* Public Headers */,
				16685D261359F182007AF4E1 /* Private */,
				C6A0FF2B0290797F04C91782 /* Documentation */,
				1AB674ADFE9D54B511CA2CBB /* Products */,
			);
			name = NyxNet;
			sourceTree = "<group>";
		};
		16685D251359F16F007AF4E1 /* Public Headers */ = {
			isa = PBXGroup;
			children = (
				16685D271359F1DB007AF4E1 /* NyxNet.hpp */,
				16685D281359F1DB007AF4E1 /* NyxNetConnection.hpp */,
				16685D291359F1DB007AF4E1 /* NyxNetConnectionHandler.hpp */,
				16685D2A1359F1DB007AF4E1 /* NyxNetModule.hpp */,
				16685D2B1359F1DB007AF4E1 /* NyxNetNxConnection.hpp */,
				16685D2C1359F1DB007AF4E1 /* NyxNetNxConnectionHandler.hpp */,
				16685D2D1359F1DB007AF4E1 /* NyxNetNxDataHeader.hpp */,
				16685D2E1359F1DB007AF4E1 /* NyxNetNxStreamRW.hpp */,
				16685D2F1359F1DB007AF4E1 /* NyxNetPipeServer.hpp */,
				16685D301359F1DB007AF4E1 /* NyxNetPipeSocket.hpp */,
				16685D311359F1DB007AF4E1 /* NyxNetPipeSocketReader.hpp */,
				16685D321359F1DB007AF4E1 /* NyxNetPipeSocketWriter.hpp */,
				16685D331359F1DB007AF4E1 /* NyxNetPipeTraceOutput.hpp */,
				16685D341359F1DB007AF4E1 /* NyxNetServer.hpp */,
				16685D351359F1DB007AF4E1 /* NyxNetSocket.hpp */,
				16685D361359F1DB007AF4E1 /* NyxNetSocketListener.hpp */,
				16685D371359F1DB007AF4E1 /* NyxNetTcpIpServer.hpp */,
				16685D381359F1DB007AF4E1 /* NyxNetTcpIpSocket.hpp */,
				16685D391359F1DB007AF4E1 /* NyxNetTypes.hpp */,
			);
			name = "Public Headers";
			sourceTree = "<group>";
		};
		16685D261359F182007AF4E1 /* Private */ = {
			isa = PBXGroup;
			children = (
				16FBB27210D45EB700E5D0E2 /* Nx */,
				16EA267D10A4A48200F811A6 /* Sockets */,
				168C583710D54D7F001FB07F /* NyxNetModule_Impl.cpp */,
				168C583810D54D7F001FB07F /* NyxNetModule_Impl.hpp */,
				168C583B10D54D7F001FB07F /* NyxNetPipeClientConn.cpp */,
				168C583C10D54D7F001FB07F /* NyxNetPipeClientConn.hpp */,
				168C583D10D54D7F001FB07F /* NyxNetPipeServer_Impl.cpp */,
				168C583E10D54D7F001FB07F /* NyxNetPipeServer_Impl.hpp */,
				168C583F10D54D7F001FB07F /* NyxNetTcpIpClientConn.cpp */,
				168C584010D54D7F001FB07F /* NyxNetTcpIpClientConn.hpp */,
				168C584110D54D7F001FB07F /* NyxNetTcpIpServer_Impl.cpp */,
				168C584210D54D7F001FB07F /* NyxNetTcpIpServer_Impl.hpp */,
				162A71E311B1F79C00238224 /* NyxNetPipeTraceOutput_Impl.cpp */,
				162A71E411B1F79C00238224 /* NyxNetPipeTraceOutput_Impl.hpp */,
			);
			name = Private;
			sourceTree = "<group>";
		};
		16EA267D10A4A48200F811A6 /* Sockets */ = {
			isa = PBXGroup;
			children = (
				168C582B10D54D63001FB07F /* NyxNetPipeSocketReader_Impl.cpp */,
				168C582C10D54D63001FB07F /* NyxNetPipeSocketReader_Impl.hpp */,
				168C582D10D54D63001FB07F /* NyxNetPipeSocketWriter_Impl.cpp */,
				168C582E10D54D63001FB07F /* NyxNetPipeSocketWriter_Impl.hpp */,
				168C582F10D54D63001FB07F /* NyxNetTcpIpSocket_Impl.cpp */,
				168C583010D54D63001FB07F /* NyxNetTcpIpSocket_Impl.hpp */,
			);
			name = Sockets;
			sourceTree = "<group>";
		};
		16FBB27210D45EB700E5D0E2 /* Nx */ = {
			isa = PBXGroup;
			children = (
				168C582710D54D4C001FB07F /* NyxNetNxConnection_Impl.cpp */,
				168C582810D54D4C001FB07F /* NyxNetNxConnection_Impl.hpp */,
			);
			name = Nx;
			sourceTree = "<group>";
		};
		1AB674ADFE9D54B511CA2CBB /* Products */ = {
			isa = PBXGroup;
			children = (
				D2AAC046055464E500DB518D /* libNyxNet.a */,
			);
			name = Products;
			sourceTree = "<group>";
		};
		C6A0FF2B0290797F04C91782 /* Documentation */ = {
			isa = PBXGroup;
			children = (
			);
			name = Documentation;
			sourceTree = "<group>";
		};
/* End PBXGroup section */

/* Begin PBXHeadersBuildPhase section */
		D2AAC043055464E500DB518D /* Headers */ = {
			isa = PBXHeadersBuildPhase;
			buildActionMask = 2147483647;
			files = (
				168C582A10D54D4C001FB07F /* NyxNetNxConnection_Impl.hpp in Headers */,
				168C583210D54D63001FB07F /* NyxNetPipeSocketReader_Impl.hpp in Headers */,
				168C583410D54D63001FB07F /* NyxNetPipeSocketWriter_Impl.hpp in Headers */,
				168C583610D54D63001FB07F /* NyxNetTcpIpSocket_Impl.hpp in Headers */,
				168C584410D54D7F001FB07F /* NyxNetModule_Impl.hpp in Headers */,
				168C584810D54D7F001FB07F /* NyxNetPipeClientConn.hpp in Headers */,
				168C584A10D54D7F001FB07F /* NyxNetPipeServer_Impl.hpp in Headers */,
				168C584C10D54D7F001FB07F /* NyxNetTcpIpClientConn.hpp in Headers */,
				168C584E10D54D7F001FB07F /* NyxNetTcpIpServer_Impl.hpp in Headers */,
				162A71E611B1F79C00238224 /* NyxNetPipeTraceOutput_Impl.hpp in Headers */,
				16685D3A1359F1DB007AF4E1 /* NyxNet.hpp in Headers */,
				16685D3B1359F1DB007AF4E1 /* NyxNetConnection.hpp in Headers */,
				16685D3C1359F1DB007AF4E1 /* NyxNetConnectionHandler.hpp in Headers */,
				16685D3D1359F1DB007AF4E1 /* NyxNetModule.hpp in Headers */,
				16685D3E1359F1DB007AF4E1 /* NyxNetNxConnection.hpp in Headers */,
				16685D3F1359F1DB007AF4E1 /* NyxNetNxConnectionHandler.hpp in Headers */,
				16685D401359F1DB007AF4E1 /* NyxNetNxDataHeader.hpp in Headers */,
				16685D411359F1DB007AF4E1 /* NyxNetNxStreamRW.hpp in Headers */,
				16685D421359F1DB007AF4E1 /* NyxNetPipeServer.hpp in Headers */,
				16685D431359F1DB007AF4E1 /* NyxNetPipeSocket.hpp in Headers */,
				16685D441359F1DB007AF4E1 /* NyxNetPipeSocketReader.hpp in Headers */,
				16685D451359F1DB007AF4E1 /* NyxNetPipeSocketWriter.hpp in Headers */,
				16685D461359F1DB007AF4E1 /* NyxNetPipeTraceOutput.hpp in Headers */,
				16685D471359F1DB007AF4E1 /* NyxNetServer.hpp in Headers */,
				16685D481359F1DB007AF4E1 /* NyxNetSocket.hpp in Headers */,
				16685D491359F1DB007AF4E1 /* NyxNetSocketListener.hpp in Headers */,
				16685D4A1359F1DB007AF4E1 /* NyxNetTcpIpServer.hpp in Headers */,
				16685D4B1359F1DB007AF4E1 /* NyxNetTcpIpSocket.hpp in Headers */,
				16685D4C1359F1DB007AF4E1 /* NyxNetTypes.hpp in Headers */,
			);
			runOnlyForDeploymentPostprocessing = 0;
		};
/* End PBXHeadersBuildPhase section */

/* Begin PBXNativeTarget section */
		D2AAC045055464E500DB518D /* NyxNet */ = {
			isa = PBXNativeTarget;
			buildConfigurationList = 1DEB91EB08733DB70010E9CD /* Build configuration list for PBXNativeTarget "NyxNet" */;
			buildPhases = (
				D2AAC043055464E500DB518D /* Headers */,
				D2AAC044055464E500DB518D /* Sources */,
				D289987405E68DCB004EDB86 /* Frameworks */,
			);
			buildRules = (
			);
			dependencies = (
			);
			name = NyxNet;
			productName = NyxNet;
			productReference = D2AAC046055464E500DB518D /* libNyxNet.a */;
			productType = "com.apple.product-type.library.static";
		};
/* End PBXNativeTarget section */

/* Begin PBXProject section */
		08FB7793FE84155DC02AAC07 /* Project object */ = {
			isa = PBXProject;
			buildConfigurationList = 1DEB91EF08733DB70010E9CD /* Build configuration list for PBXProject "NyxNet" */;
			compatibilityVersion = "Xcode 3.2";
			developmentRegion = English;
			hasScannedForEncodings = 1;
			knownRegions = (
				English,
				Japanese,
				French,
				German,
			);
			mainGroup = 08FB7794FE84155DC02AAC07 /* NyxNet */;
			projectDirPath = "";
			projectRoot = "";
			targets = (
				D2AAC045055464E500DB518D /* NyxNet */,
			);
		};
/* End PBXProject section */

/* Begin PBXSourcesBuildPhase section */
		D2AAC044055464E500DB518D /* Sources */ = {
			isa = PBXSourcesBuildPhase;
			buildActionMask = 2147483647;
			files = (
				168C582910D54D4C001FB07F /* NyxNetNxConnection_Impl.cpp in Sources */,
				168C583110D54D63001FB07F /* NyxNetPipeSocketReader_Impl.cpp in Sources */,
				168C583310D54D63001FB07F /* NyxNetPipeSocketWriter_Impl.cpp in Sources */,
				168C583510D54D63001FB07F /* NyxNetTcpIpSocket_Impl.cpp in Sources */,
				168C584310D54D7F001FB07F /* NyxNetModule_Impl.cpp in Sources */,
				168C584710D54D7F001FB07F /* NyxNetPipeClientConn.cpp in Sources */,
				168C584910D54D7F001FB07F /* NyxNetPipeServer_Impl.cpp in Sources */,
				168C584B10D54D7F001FB07F /* NyxNetTcpIpClientConn.cpp in Sources */,
				168C584D10D54D7F001FB07F /* NyxNetTcpIpServer_Impl.cpp in Sources */,
				162A71E511B1F79C00238224 /* NyxNetPipeTraceOutput_Impl.cpp in Sources */,
			);
			runOnlyForDeploymentPostprocessing = 0;
		};
/* End PBXSourcesBuildPhase section */

/* Begin XCBuildConfiguration section */
		165CF293114D660D007430AE /* Debug_Universal_32_64 */ = {
			isa = XCBuildConfiguration;
			buildSettings = {
				ARCHS = "$(ARCHS_STANDARD_32_64_BIT)";
				CONFIGURATION_BUILD_DIR = "../../Lib/OSX/$(CONFIGURATION)$(EFFECTIVE_PLATFORM_NAME)";
				CONFIGURATION_TEMP_DIR = "$(PROJECT_TEMP_DIR)/$(CONFIGURATION)$(EFFECTIVE_PLATFORM_NAME)";
				COPY_PHASE_STRIP = NO;
				GCC_C_LANGUAGE_STANDARD = gnu99;
				GCC_DEBUGGING_SYMBOLS = full;
				GCC_ENABLE_FIX_AND_CONTINUE = YES;
				GCC_INLINES_ARE_PRIVATE_EXTERN = NO;
				GCC_OPTIMIZATION_LEVEL = 0;
				GCC_SYMBOLS_PRIVATE_EXTERN = NO;
				GCC_WARN_ABOUT_RETURN_TYPE = YES;
				GCC_WARN_UNUSED_VARIABLE = YES;
				HEADER_SEARCH_PATHS = (
					../../include,
					../../include/OSX,
					../../include/NyxNet,
				);
				ONLY_ACTIVE_ARCH = NO;
				PREBINDING = NO;
				SDKROOT = macosx10.6;
			};
			name = Debug_Universal_32_64;
		};
		165CF294114D660D007430AE /* Debug_Universal_32_64 */ = {
			isa = XCBuildConfiguration;
			buildSettings = {
				ALWAYS_SEARCH_USER_PATHS = NO;
				COPY_PHASE_STRIP = NO;
				DEBUG_INFORMATION_FORMAT = dwarf;
				GCC_DEBUGGING_SYMBOLS = full;
				GCC_DYNAMIC_NO_PIC = NO;
				GCC_ENABLE_FIX_AND_CONTINUE = YES;
				GCC_MODEL_TUNING = G5;
				GCC_OPTIMIZATION_LEVEL = 0;
				INSTALL_PATH = /usr/local/lib;
				PRODUCT_NAME = NyxNet;
			};
			name = Debug_Universal_32_64;
		};
		165CF295114D6617007430AE /* Release_Universal_32_64 */ = {
			isa = XCBuildConfiguration;
			buildSettings = {
				ARCHS = "$(ARCHS_STANDARD_32_64_BIT)";
				CONFIGURATION_BUILD_DIR = "../../Lib/OSX/$(CONFIGURATION)$(EFFECTIVE_PLATFORM_NAME)";
				GCC_C_LANGUAGE_STANDARD = gnu99;
				GCC_INLINES_ARE_PRIVATE_EXTERN = NO;
				GCC_SYMBOLS_PRIVATE_EXTERN = NO;
				GCC_WARN_ABOUT_RETURN_TYPE = YES;
				GCC_WARN_UNUSED_VARIABLE = YES;
				HEADER_SEARCH_PATHS = (
					../../include,
					../../include/OSX,
					../../include/NyxNet,
				);
				ONLY_ACTIVE_ARCH = NO;
				PREBINDING = NO;
				SDKROOT = macosx10.6;
			};
			name = Release_Universal_32_64;
		};
		165CF296114D6617007430AE /* Release_Universal_32_64 */ = {
			isa = XCBuildConfiguration;
			buildSettings = {
				ALWAYS_SEARCH_USER_PATHS = NO;
				DEBUG_INFORMATION_FORMAT = dwarf;
				GCC_DEBUGGING_SYMBOLS = default;
				GCC_MODEL_TUNING = G5;
				INSTALL_PATH = /usr/local/lib;
				PRODUCT_NAME = NyxNet;
			};
			name = Release_Universal_32_64;
		};
		1DEB91EC08733DB70010E9CD /* Debug_32 */ = {
			isa = XCBuildConfiguration;
			buildSettings = {
				ALWAYS_SEARCH_USER_PATHS = NO;
				COPY_PHASE_STRIP = NO;
				DEBUG_INFORMATION_FORMAT = dwarf;
				GCC_DEBUGGING_SYMBOLS = full;
				GCC_DYNAMIC_NO_PIC = NO;
				GCC_ENABLE_FIX_AND_CONTINUE = YES;
				GCC_MODEL_TUNING = G5;
				GCC_OPTIMIZATION_LEVEL = 0;
				INSTALL_PATH = /usr/local/lib;
				PRODUCT_NAME = NyxNet;
			};
			name = Debug_32;
		};
		1DEB91ED08733DB70010E9CD /* Release_32 */ = {
			isa = XCBuildConfiguration;
			buildSettings = {
				ALWAYS_SEARCH_USER_PATHS = NO;
				DEBUG_INFORMATION_FORMAT = dwarf;
				GCC_DEBUGGING_SYMBOLS = default;
				GCC_MODEL_TUNING = G5;
				INSTALL_PATH = /usr/local/lib;
				PRODUCT_NAME = NyxNet;
			};
			name = Release_32;
		};
		1DEB91F008733DB70010E9CD /* Debug_32 */ = {
			isa = XCBuildConfiguration;
			buildSettings = {
				ARCHS = "$(ARCHS_STANDARD_32_BIT)";
				CONFIGURATION_BUILD_DIR = "../../Lib/OSX/$(CONFIGURATION)$(EFFECTIVE_PLATFORM_NAME)";
				CONFIGURATION_TEMP_DIR = "$(PROJECT_TEMP_DIR)/$(CONFIGURATION)$(EFFECTIVE_PLATFORM_NAME)";
				COPY_PHASE_STRIP = NO;
				GCC_C_LANGUAGE_STANDARD = gnu99;
				GCC_DEBUGGING_SYMBOLS = full;
				GCC_ENABLE_FIX_AND_CONTINUE = YES;
				GCC_INLINES_ARE_PRIVATE_EXTERN = NO;
				GCC_OPTIMIZATION_LEVEL = 0;
				GCC_SYMBOLS_PRIVATE_EXTERN = NO;
				GCC_WARN_ABOUT_RETURN_TYPE = YES;
				GCC_WARN_UNUSED_VARIABLE = YES;
				HEADER_SEARCH_PATHS = (
					../../include,
					../../include/OSX,
					../../include/NyxNet,
				);
				ONLY_ACTIVE_ARCH = NO;
				PREBINDING = NO;
				SDKROOT = macosx10.6;
			};
			name = Debug_32;
		};
		1DEB91F108733DB70010E9CD /* Release_32 */ = {
			isa = XCBuildConfiguration;
			buildSettings = {
				ARCHS = "$(ARCHS_STANDARD_32_BIT)";
				CONFIGURATION_BUILD_DIR = "../../Lib/OSX/$(CONFIGURATION)$(EFFECTIVE_PLATFORM_NAME)";
				GCC_C_LANGUAGE_STANDARD = gnu99;
				GCC_INLINES_ARE_PRIVATE_EXTERN = NO;
				GCC_SYMBOLS_PRIVATE_EXTERN = NO;
				GCC_WARN_ABOUT_RETURN_TYPE = YES;
				GCC_WARN_UNUSED_VARIABLE = YES;
				HEADER_SEARCH_PATHS = (
					../../include,
					../../include/OSX,
					../../include/NyxNet,
				);
				ONLY_ACTIVE_ARCH = NO;
				PREBINDING = NO;
				SDKROOT = macosx10.6;
			};
			name = Release_32;
		};
/* End XCBuildConfiguration section */

/* Begin XCConfigurationList section */
		1DEB91EB08733DB70010E9CD /* Build configuration list for PBXNativeTarget "NyxNet" */ = {
			isa = XCConfigurationList;
			buildConfigurations = (
				1DEB91EC08733DB70010E9CD /* Debug_32 */,
				165CF294114D660D007430AE /* Debug_Universal_32_64 */,
				1DEB91ED08733DB70010E9CD /* Release_32 */,
				165CF296114D6617007430AE /* Release_Universal_32_64 */,
			);
			defaultConfigurationIsVisible = 0;
			defaultConfigurationName = Release_32;
		};
		1DEB91EF08733DB70010E9CD /* Build configuration list for PBXProject "NyxNet" */ = {
			isa = XCConfigurationList;
			buildConfigurations = (
				1DEB91F008733DB70010E9CD /* Debug_32 */,
				165CF293114D660D007430AE /* Debug_Universal_32_64 */,
				1DEB91F108733DB70010E9CD /* Release_32 */,
				165CF295114D6617007430AE /* Release_Universal_32_64 */,
			);
			defaultConfigurationIsVisible = 0;
			defaultConfigurationName = Release_32;
		};
/* End XCConfigurationList section */
	};
	rootObject = 08FB7793FE84155DC02AAC07 /* Project object */;
}
