// !$*UTF8*$!
{
	archiveVersion = 1;
	classes = {
	};
	objectVersion = 46;
	objects = {

/* Begin PBXBuildFile section */
		16328D4B172C508300AB50F7 /* Module.hpp in Headers */ = {isa = PBXBuildFile; fileRef = 16328D4A172C508300AB50F7 /* Module.hpp */; };
		16328D4D172C509A00AB50F7 /* Module_Impl.cpp in Sources */ = {isa = PBXBuildFile; fileRef = 16328D4C172C509A00AB50F7 /* Module_Impl.cpp */; };
		16328D56172CA5C300AB50F7 /* ConnListener_Impl.cpp in Sources */ = {isa = PBXBuildFile; fileRef = 16328D55172CA5C300AB50F7 /* ConnListener_Impl.cpp */; };
		16328D59172DCE2200AB50F7 /* ConnHandler_Impl.cpp in Sources */ = {isa = PBXBuildFile; fileRef = 16328D58172DCE2200AB50F7 /* ConnHandler_Impl.cpp */; };
		16328D5D172F489C00AB50F7 /* ConnHttpHandler_Impl.cpp in Sources */ = {isa = PBXBuildFile; fileRef = 16328D5C172F489C00AB50F7 /* ConnHttpHandler_Impl.cpp */; };
		167225BC1741B19A00A108FC /* Header_Impl.cpp in Sources */ = {isa = PBXBuildFile; fileRef = 167225BB1741B19A00A108FC /* Header_Impl.cpp */; };
		16B338841781BAAC002DE578 /* HttpServer.hpp in Headers */ = {isa = PBXBuildFile; fileRef = 16B338831781BAAC002DE578 /* HttpServer.hpp */; };
		16B338871781BB48002DE578 /* HttpServer_Impl.cpp in Sources */ = {isa = PBXBuildFile; fileRef = 16B338851781BB48002DE578 /* HttpServer_Impl.cpp */; };
		16B338881781BB48002DE578 /* HttpServer_Impl.hpp in Headers */ = {isa = PBXBuildFile; fileRef = 16B338861781BB48002DE578 /* HttpServer_Impl.hpp */; };
		16B3388A1781CB04002DE578 /* HttpsServer.hpp in Headers */ = {isa = PBXBuildFile; fileRef = 16B338891781CB04002DE578 /* HttpsServer.hpp */; };
		16B3388D1781CB57002DE578 /* HttpsServer_Impl.cpp in Sources */ = {isa = PBXBuildFile; fileRef = 16B3388B1781CB57002DE578 /* HttpsServer_Impl.cpp */; };
		16B3388E1781CB57002DE578 /* HttpsServer_Impl.hpp in Headers */ = {isa = PBXBuildFile; fileRef = 16B3388C1781CB57002DE578 /* HttpsServer_Impl.hpp */; };
		16B338941782095C002DE578 /* HttpHandlersTable_Impl.cpp in Sources */ = {isa = PBXBuildFile; fileRef = 16B338931782095C002DE578 /* HttpHandlersTable_Impl.cpp */; };
/* End PBXBuildFile section */

/* Begin PBXFileReference section */
		16328D42172C4FE300AB50F7 /* libNyxWebSvr.a */ = {isa = PBXFileReference; explicitFileType = archive.ar; includeInIndex = 0; path = libNyxWebSvr.a; sourceTree = BUILT_PRODUCTS_DIR; };
		16328D4A172C508300AB50F7 /* Module.hpp */ = {isa = PBXFileReference; fileEncoding = 4; lastKnownFileType = sourcecode.cpp.h; name = Module.hpp; path = ../../include/NyxWebSvr/Module.hpp; sourceTree = "<group>"; };
		16328D4C172C509A00AB50F7 /* Module_Impl.cpp */ = {isa = PBXFileReference; fileEncoding = 4; lastKnownFileType = sourcecode.cpp.cpp; name = Module_Impl.cpp; path = ../Source/Module_Impl.cpp; sourceTree = "<group>"; };
		16328D50172C54C300AB50F7 /* Module_Impl.hpp */ = {isa = PBXFileReference; lastKnownFileType = sourcecode.cpp.h; name = Module_Impl.hpp; path = ../Source/Module_Impl.hpp; sourceTree = "<group>"; };
		16328D53172CA4FE00AB50F7 /* ConnListener.hpp */ = {isa = PBXFileReference; lastKnownFileType = sourcecode.cpp.h; name = ConnListener.hpp; path = ../../include/NyxWebSvr/ConnListener.hpp; sourceTree = "<group>"; };
		16328D54172CA54300AB50F7 /* ConnListener_Impl.hpp */ = {isa = PBXFileReference; lastKnownFileType = sourcecode.cpp.h; name = ConnListener_Impl.hpp; path = ../Source/ConnListener_Impl.hpp; sourceTree = "<group>"; };
		16328D55172CA5C300AB50F7 /* ConnListener_Impl.cpp */ = {isa = PBXFileReference; fileEncoding = 4; lastKnownFileType = sourcecode.cpp.cpp; name = ConnListener_Impl.cpp; path = ../Source/ConnListener_Impl.cpp; sourceTree = "<group>"; };
		16328D57172DCDBF00AB50F7 /* ConnHandler_Impl.hpp */ = {isa = PBXFileReference; lastKnownFileType = sourcecode.cpp.h; name = ConnHandler_Impl.hpp; path = ../Source/ConnHandler_Impl.hpp; sourceTree = "<group>"; };
		16328D58172DCE2200AB50F7 /* ConnHandler_Impl.cpp */ = {isa = PBXFileReference; fileEncoding = 4; lastKnownFileType = sourcecode.cpp.cpp; name = ConnHandler_Impl.cpp; path = ../Source/ConnHandler_Impl.cpp; sourceTree = "<group>"; };
		16328D5A172F469D00AB50F7 /* ConnStream.hpp */ = {isa = PBXFileReference; lastKnownFileType = sourcecode.cpp.h; name = ConnStream.hpp; path = ../../include/NyxWebSvr/ConnStream.hpp; sourceTree = "<group>"; };
		16328D5B172F485900AB50F7 /* ConnHttpHandler_Impl.hpp */ = {isa = PBXFileReference; lastKnownFileType = sourcecode.cpp.h; name = ConnHttpHandler_Impl.hpp; path = ../Source/ConnHttpHandler_Impl.hpp; sourceTree = "<group>"; };
		16328D5C172F489C00AB50F7 /* ConnHttpHandler_Impl.cpp */ = {isa = PBXFileReference; fileEncoding = 4; lastKnownFileType = sourcecode.cpp.cpp; name = ConnHttpHandler_Impl.cpp; path = ../Source/ConnHttpHandler_Impl.cpp; sourceTree = "<group>"; };
		167225B91741B0EF00A108FC /* Header.hpp */ = {isa = PBXFileReference; lastKnownFileType = sourcecode.cpp.h; name = Header.hpp; path = ../../include/NyxWebSvr/Header.hpp; sourceTree = "<group>"; };
		167225BA1741B13E00A108FC /* Header_Impl.hpp */ = {isa = PBXFileReference; lastKnownFileType = sourcecode.cpp.h; name = Header_Impl.hpp; path = ../Source/Header_Impl.hpp; sourceTree = "<group>"; };
		167225BB1741B19A00A108FC /* Header_Impl.cpp */ = {isa = PBXFileReference; fileEncoding = 4; lastKnownFileType = sourcecode.cpp.cpp; name = Header_Impl.cpp; path = ../Source/Header_Impl.cpp; sourceTree = "<group>"; };
		16B338831781BAAC002DE578 /* HttpServer.hpp */ = {isa = PBXFileReference; fileEncoding = 4; lastKnownFileType = sourcecode.cpp.h; name = HttpServer.hpp; path = ../../include/NyxWebSvr/HttpServer.hpp; sourceTree = "<group>"; };
		16B338851781BB48002DE578 /* HttpServer_Impl.cpp */ = {isa = PBXFileReference; fileEncoding = 4; lastKnownFileType = sourcecode.cpp.cpp; name = HttpServer_Impl.cpp; path = ../Source/HttpServer_Impl.cpp; sourceTree = "<group>"; };
		16B338861781BB48002DE578 /* HttpServer_Impl.hpp */ = {isa = PBXFileReference; fileEncoding = 4; lastKnownFileType = sourcecode.cpp.h; name = HttpServer_Impl.hpp; path = ../Source/HttpServer_Impl.hpp; sourceTree = "<group>"; };
		16B338891781CB04002DE578 /* HttpsServer.hpp */ = {isa = PBXFileReference; fileEncoding = 4; lastKnownFileType = sourcecode.cpp.h; name = HttpsServer.hpp; path = ../../include/NyxWebSvr/HttpsServer.hpp; sourceTree = "<group>"; };
		16B3388B1781CB57002DE578 /* HttpsServer_Impl.cpp */ = {isa = PBXFileReference; fileEncoding = 4; lastKnownFileType = sourcecode.cpp.cpp; name = HttpsServer_Impl.cpp; path = ../Source/HttpsServer_Impl.cpp; sourceTree = "<group>"; };
		16B3388C1781CB57002DE578 /* HttpsServer_Impl.hpp */ = {isa = PBXFileReference; fileEncoding = 4; lastKnownFileType = sourcecode.cpp.h; name = HttpsServer_Impl.hpp; path = ../Source/HttpsServer_Impl.hpp; sourceTree = "<group>"; };
		16B3388F1781CF41002DE578 /* ConnHttpHandler.hpp */ = {isa = PBXFileReference; lastKnownFileType = sourcecode.cpp.h; name = ConnHttpHandler.hpp; path = ../../include/NyxWebSvr/ConnHttpHandler.hpp; sourceTree = "<group>"; };
		16B3389017820239002DE578 /* HttpHandler.hpp */ = {isa = PBXFileReference; lastKnownFileType = sourcecode.cpp.h; name = HttpHandler.hpp; path = ../../include/NyxWebSvr/HttpHandler.hpp; sourceTree = "<group>"; };
		16B33891178207C7002DE578 /* HttpHandlersTable.hpp */ = {isa = PBXFileReference; lastKnownFileType = sourcecode.cpp.h; name = HttpHandlersTable.hpp; path = ../../include/NyxWebSvr/HttpHandlersTable.hpp; sourceTree = "<group>"; };
		16B33892178208A7002DE578 /* HttpHandlersTable_Impl.hpp */ = {isa = PBXFileReference; lastKnownFileType = sourcecode.cpp.h; name = HttpHandlersTable_Impl.hpp; path = ../Source/HttpHandlersTable_Impl.hpp; sourceTree = "<group>"; };
		16B338931782095C002DE578 /* HttpHandlersTable_Impl.cpp */ = {isa = PBXFileReference; fileEncoding = 4; lastKnownFileType = sourcecode.cpp.cpp; name = HttpHandlersTable_Impl.cpp; path = ../Source/HttpHandlersTable_Impl.cpp; sourceTree = "<group>"; };
/* End PBXFileReference section */

/* Begin PBXFrameworksBuildPhase section */
		16328D3F172C4FE300AB50F7 /* Frameworks */ = {
			isa = PBXFrameworksBuildPhase;
			buildActionMask = 2147483647;
			files = (
			);
			runOnlyForDeploymentPostprocessing = 0;
		};
/* End PBXFrameworksBuildPhase section */

/* Begin PBXGroup section */
		16328D39172C4FE300AB50F7 = {
			isa = PBXGroup;
			children = (
				16328D4E172C540A00AB50F7 /* public headers */,
				16328D4F172C541600AB50F7 /* implementation */,
				16328D43172C4FE300AB50F7 /* Products */,
			);
			sourceTree = "<group>";
		};
		16328D43172C4FE300AB50F7 /* Products */ = {
			isa = PBXGroup;
			children = (
				16328D42172C4FE300AB50F7 /* libNyxWebSvr.a */,
			);
			name = Products;
			sourceTree = "<group>";
		};
		16328D4E172C540A00AB50F7 /* public headers */ = {
			isa = PBXGroup;
			children = (
				16328D4A172C508300AB50F7 /* Module.hpp */,
				16328D53172CA4FE00AB50F7 /* ConnListener.hpp */,
				16328D5A172F469D00AB50F7 /* ConnStream.hpp */,
				167225B91741B0EF00A108FC /* Header.hpp */,
				16B338831781BAAC002DE578 /* HttpServer.hpp */,
				16B338891781CB04002DE578 /* HttpsServer.hpp */,
				16B3388F1781CF41002DE578 /* ConnHttpHandler.hpp */,
				16B3389017820239002DE578 /* HttpHandler.hpp */,
				16B33891178207C7002DE578 /* HttpHandlersTable.hpp */,
			);
			name = "public headers";
			sourceTree = "<group>";
		};
		16328D4F172C541600AB50F7 /* implementation */ = {
			isa = PBXGroup;
			children = (
				16B338851781BB48002DE578 /* HttpServer_Impl.cpp */,
				16B338861781BB48002DE578 /* HttpServer_Impl.hpp */,
				16B3388B1781CB57002DE578 /* HttpsServer_Impl.cpp */,
				16B3388C1781CB57002DE578 /* HttpsServer_Impl.hpp */,
				16328D4C172C509A00AB50F7 /* Module_Impl.cpp */,
				16328D50172C54C300AB50F7 /* Module_Impl.hpp */,
				16328D54172CA54300AB50F7 /* ConnListener_Impl.hpp */,
				16328D55172CA5C300AB50F7 /* ConnListener_Impl.cpp */,
				16328D57172DCDBF00AB50F7 /* ConnHandler_Impl.hpp */,
				16328D58172DCE2200AB50F7 /* ConnHandler_Impl.cpp */,
				16328D5B172F485900AB50F7 /* ConnHttpHandler_Impl.hpp */,
				16328D5C172F489C00AB50F7 /* ConnHttpHandler_Impl.cpp */,
				167225BA1741B13E00A108FC /* Header_Impl.hpp */,
				167225BB1741B19A00A108FC /* Header_Impl.cpp */,
				16B33892178208A7002DE578 /* HttpHandlersTable_Impl.hpp */,
				16B338931782095C002DE578 /* HttpHandlersTable_Impl.cpp */,
			);
			name = implementation;
			sourceTree = "<group>";
		};
/* End PBXGroup section */

/* Begin PBXHeadersBuildPhase section */
		16328D40172C4FE300AB50F7 /* Headers */ = {
			isa = PBXHeadersBuildPhase;
			buildActionMask = 2147483647;
			files = (
				16328D4B172C508300AB50F7 /* Module.hpp in Headers */,
				16B338841781BAAC002DE578 /* HttpServer.hpp in Headers */,
				16B338881781BB48002DE578 /* HttpServer_Impl.hpp in Headers */,
				16B3388A1781CB04002DE578 /* HttpsServer.hpp in Headers */,
				16B3388E1781CB57002DE578 /* HttpsServer_Impl.hpp in Headers */,
			);
			runOnlyForDeploymentPostprocessing = 0;
		};
/* End PBXHeadersBuildPhase section */

/* Begin PBXNativeTarget section */
		16328D41172C4FE300AB50F7 /* NyxWebSvr */ = {
			isa = PBXNativeTarget;
			buildConfigurationList = 16328D46172C4FE300AB50F7 /* Build configuration list for PBXNativeTarget "NyxWebSvr" */;
			buildPhases = (
				16328D3E172C4FE300AB50F7 /* Sources */,
				16328D3F172C4FE300AB50F7 /* Frameworks */,
				16328D40172C4FE300AB50F7 /* Headers */,
			);
			buildRules = (
			);
			dependencies = (
			);
			name = NyxWebSvr;
			productName = NyxWebSvr;
			productReference = 16328D42172C4FE300AB50F7 /* libNyxWebSvr.a */;
			productType = "com.apple.product-type.library.static";
		};
/* End PBXNativeTarget section */

/* Begin PBXProject section */
		16328D3A172C4FE300AB50F7 /* Project object */ = {
			isa = PBXProject;
			attributes = {
				LastUpgradeCheck = 0460;
				ORGANIZATIONNAME = "Danny Thibaudeau";
			};
			buildConfigurationList = 16328D3D172C4FE300AB50F7 /* Build configuration list for PBXProject "NyxWebSvr" */;
			compatibilityVersion = "Xcode 3.2";
			developmentRegion = English;
			hasScannedForEncodings = 0;
			knownRegions = (
				en,
			);
			mainGroup = 16328D39172C4FE300AB50F7;
			productRefGroup = 16328D43172C4FE300AB50F7 /* Products */;
			projectDirPath = "";
			projectRoot = "";
			targets = (
				16328D41172C4FE300AB50F7 /* NyxWebSvr */,
			);
		};
/* End PBXProject section */

/* Begin PBXSourcesBuildPhase section */
		16328D3E172C4FE300AB50F7 /* Sources */ = {
			isa = PBXSourcesBuildPhase;
			buildActionMask = 2147483647;
			files = (
				16328D4D172C509A00AB50F7 /* Module_Impl.cpp in Sources */,
				16328D56172CA5C300AB50F7 /* ConnListener_Impl.cpp in Sources */,
				16328D59172DCE2200AB50F7 /* ConnHandler_Impl.cpp in Sources */,
				16328D5D172F489C00AB50F7 /* ConnHttpHandler_Impl.cpp in Sources */,
				167225BC1741B19A00A108FC /* Header_Impl.cpp in Sources */,
				16B338871781BB48002DE578 /* HttpServer_Impl.cpp in Sources */,
				16B3388D1781CB57002DE578 /* HttpsServer_Impl.cpp in Sources */,
				16B338941782095C002DE578 /* HttpHandlersTable_Impl.cpp in Sources */,
			);
			runOnlyForDeploymentPostprocessing = 0;
		};
/* End PBXSourcesBuildPhase section */

/* Begin XCBuildConfiguration section */
		16328D44172C4FE300AB50F7 /* Debug_64 */ = {
			isa = XCBuildConfiguration;
			buildSettings = {
				ALWAYS_SEARCH_USER_PATHS = NO;
				ARCHS = "$(ARCHS_STANDARD_64_BIT)";
				CLANG_CXX_LANGUAGE_STANDARD = "gnu++0x";
				CLANG_CXX_LIBRARY = "libstdc++";
				CLANG_WARN_CONSTANT_CONVERSION = YES;
				CLANG_WARN_EMPTY_BODY = YES;
				CLANG_WARN_ENUM_CONVERSION = YES;
				CLANG_WARN_INT_CONVERSION = YES;
				CLANG_WARN__DUPLICATE_METHOD_MATCH = YES;
				CONFIGURATION_BUILD_DIR = "../../Lib/OSX/$(CONFIGURATION)";
				COPY_PHASE_STRIP = NO;
				GCC_C_LANGUAGE_STANDARD = gnu99;
				GCC_DYNAMIC_NO_PIC = NO;
				GCC_ENABLE_OBJC_EXCEPTIONS = YES;
				GCC_OPTIMIZATION_LEVEL = 0;
				GCC_PREPROCESSOR_DEFINITIONS = (
					"DEBUG=1",
					"$(inherited)",
				);
				GCC_SYMBOLS_PRIVATE_EXTERN = NO;
				GCC_WARN_64_TO_32_BIT_CONVERSION = YES;
				GCC_WARN_ABOUT_RETURN_TYPE = YES;
				GCC_WARN_UNINITIALIZED_AUTOS = YES;
				GCC_WARN_UNUSED_VARIABLE = YES;
				HEADER_SEARCH_PATHS = (
					../Source,
					../../include,
					../../include/OSX,
					../../include/NyxNet,
					../../include/OSX/NyxNet,
				);
				MACOSX_DEPLOYMENT_TARGET = 10.8;
				ONLY_ACTIVE_ARCH = YES;
				OTHER_CPLUSPLUSFLAGS = (
					"$(OTHER_CFLAGS)",
					"-fPIC",
				);
				SDKROOT = macosx;
			};
			name = Debug_64;
		};
		16328D45172C4FE300AB50F7 /* Release_64 */ = {
			isa = XCBuildConfiguration;
			buildSettings = {
				ALWAYS_SEARCH_USER_PATHS = NO;
				ARCHS = "$(ARCHS_STANDARD_64_BIT)";
				CLANG_CXX_LANGUAGE_STANDARD = "gnu++0x";
				CLANG_CXX_LIBRARY = "libstdc++";
				CLANG_WARN_CONSTANT_CONVERSION = YES;
				CLANG_WARN_EMPTY_BODY = YES;
				CLANG_WARN_ENUM_CONVERSION = YES;
				CLANG_WARN_INT_CONVERSION = YES;
				CLANG_WARN__DUPLICATE_METHOD_MATCH = YES;
				CONFIGURATION_BUILD_DIR = "../../Lib/OSX/$(CONFIGURATION)";
				COPY_PHASE_STRIP = YES;
				DEBUG_INFORMATION_FORMAT = "dwarf-with-dsym";
				GCC_C_LANGUAGE_STANDARD = gnu99;
				GCC_ENABLE_OBJC_EXCEPTIONS = YES;
				GCC_WARN_64_TO_32_BIT_CONVERSION = YES;
				GCC_WARN_ABOUT_RETURN_TYPE = YES;
				GCC_WARN_UNINITIALIZED_AUTOS = YES;
				GCC_WARN_UNUSED_VARIABLE = YES;
				HEADER_SEARCH_PATHS = (
					../Source,
					../../include,
					../../include/OSX,
					../../include/NyxNet,
					../../include/OSX/NyxNet,
				);
				MACOSX_DEPLOYMENT_TARGET = 10.8;
				OTHER_CPLUSPLUSFLAGS = (
					"$(OTHER_CFLAGS)",
					"-fPIC",
				);
				SDKROOT = macosx;
			};
			name = Release_64;
		};
		16328D47172C4FE300AB50F7 /* Debug_64 */ = {
			isa = XCBuildConfiguration;
			buildSettings = {
				EXECUTABLE_PREFIX = lib;
				PRODUCT_NAME = "$(TARGET_NAME)";
			};
			name = Debug_64;
		};
		16328D48172C4FE300AB50F7 /* Release_64 */ = {
			isa = XCBuildConfiguration;
			buildSettings = {
				EXECUTABLE_PREFIX = lib;
				PRODUCT_NAME = "$(TARGET_NAME)";
			};
			name = Release_64;
		};
/* End XCBuildConfiguration section */

/* Begin XCConfigurationList section */
		16328D3D172C4FE300AB50F7 /* Build configuration list for PBXProject "NyxWebSvr" */ = {
			isa = XCConfigurationList;
			buildConfigurations = (
				16328D44172C4FE300AB50F7 /* Debug_64 */,
				16328D45172C4FE300AB50F7 /* Release_64 */,
			);
			defaultConfigurationIsVisible = 0;
			defaultConfigurationName = Release_64;
		};
		16328D46172C4FE300AB50F7 /* Build configuration list for PBXNativeTarget "NyxWebSvr" */ = {
			isa = XCConfigurationList;
			buildConfigurations = (
				16328D47172C4FE300AB50F7 /* Debug_64 */,
				16328D48172C4FE300AB50F7 /* Release_64 */,
			);
			defaultConfigurationIsVisible = 0;
			defaultConfigurationName = Release_64;
		};
/* End XCConfigurationList section */
	};
	rootObject = 16328D3A172C4FE300AB50F7 /* Project object */;
}
